// !$*UTF8*$!
{
	archiveVersion = 1;
	classes = {
	};
	objectVersion = 56;
	objects = {

/* Begin PBXBuildFile section */
		635333A22C924C81002621DB /* AppDelegate.swift in Sources */ = {isa = PBXBuildFile; fileRef = 635333A12C924C81002621DB /* AppDelegate.swift */; };
		635333A42C924C81002621DB /* SceneDelegate.swift in Sources */ = {isa = PBXBuildFile; fileRef = 635333A32C924C81002621DB /* SceneDelegate.swift */; };
		635333AB2C924C82002621DB /* Assets.xcassets in Resources */ = {isa = PBXBuildFile; fileRef = 635333AA2C924C82002621DB /* Assets.xcassets */; };
		635333AE2C924C82002621DB /* Base in Resources */ = {isa = PBXBuildFile; fileRef = 635333AD2C924C82002621DB /* Base */; };
		635333B82C925219002621DB /* House.swift in Sources */ = {isa = PBXBuildFile; fileRef = 635333B72C925219002621DB /* House.swift */; };
		635333BA2C925303002621DB /* GOTCharacter.swift in Sources */ = {isa = PBXBuildFile; fileRef = 635333B92C925303002621DB /* GOTCharacter.swift */; };
		635333C22C9257D7002621DB /* FirstViewController.swift in Sources */ = {isa = PBXBuildFile; fileRef = 635333C02C9257D7002621DB /* FirstViewController.swift */; };
		635333C32C9257D7002621DB /* FirstViewController.xib in Resources */ = {isa = PBXBuildFile; fileRef = 635333C12C9257D7002621DB /* FirstViewController.xib */; };
		635333C62C935AA6002621DB /* HouseListViewController.swift in Sources */ = {isa = PBXBuildFile; fileRef = 635333C42C935AA6002621DB /* HouseListViewController.swift */; };
		635333C72C935AA6002621DB /* HouseListViewController.xib in Resources */ = {isa = PBXBuildFile; fileRef = 635333C52C935AA6002621DB /* HouseListViewController.xib */; };
		635333CA2C935DA7002621DB /* HouseTableViewCell.swift in Sources */ = {isa = PBXBuildFile; fileRef = 635333C82C935DA7002621DB /* HouseTableViewCell.swift */; };
		635333CB2C935DA7002621DB /* HouseTableViewCell.xib in Resources */ = {isa = PBXBuildFile; fileRef = 635333C92C935DA7002621DB /* HouseTableViewCell.xib */; };
		635333CE2C9363D2002621DB /* UIImageView+Remote.swift in Sources */ = {isa = PBXBuildFile; fileRef = 635333CD2C9363D2002621DB /* UIImageView+Remote.swift */; };
		635333D12C93DAE8002621DB /* FavouriteHouseListViewController.swift in Sources */ = {isa = PBXBuildFile; fileRef = 635333CF2C93DAE8002621DB /* FavouriteHouseListViewController.swift */; };
		635333D22C93DAE8002621DB /* FavouriteHouseListViewController.xib in Resources */ = {isa = PBXBuildFile; fileRef = 635333D02C93DAE8002621DB /* FavouriteHouseListViewController.xib */; };
		635333D52C93DF02002621DB /* FavouriteHouseCollectionViewCell.swift in Sources */ = {isa = PBXBuildFile; fileRef = 635333D32C93DF02002621DB /* FavouriteHouseCollectionViewCell.swift */; };
		635333D62C93DF02002621DB /* FavouriteHouseCollectionViewCell.xib in Resources */ = {isa = PBXBuildFile; fileRef = 635333D42C93DF02002621DB /* FavouriteHouseCollectionViewCell.xib */; };
/* End PBXBuildFile section */

/* Begin PBXFileReference section */
		6353339E2C924C81002621DB /* Westeros.app */ = {isa = PBXFileReference; explicitFileType = wrapper.application; includeInIndex = 0; path = Westeros.app; sourceTree = BUILT_PRODUCTS_DIR; };
		635333A12C924C81002621DB /* AppDelegate.swift */ = {isa = PBXFileReference; lastKnownFileType = sourcecode.swift; path = AppDelegate.swift; sourceTree = "<group>"; };
		635333A32C924C81002621DB /* SceneDelegate.swift */ = {isa = PBXFileReference; lastKnownFileType = sourcecode.swift; path = SceneDelegate.swift; sourceTree = "<group>"; };
		635333AA2C924C82002621DB /* Assets.xcassets */ = {isa = PBXFileReference; lastKnownFileType = folder.assetcatalog; path = Assets.xcassets; sourceTree = "<group>"; };
		635333AD2C924C82002621DB /* Base */ = {isa = PBXFileReference; lastKnownFileType = file.storyboard; name = Base; path = Base.lproj/LaunchScreen.storyboard; sourceTree = "<group>"; };
		635333AF2C924C82002621DB /* Info.plist */ = {isa = PBXFileReference; lastKnownFileType = text.plist.xml; path = Info.plist; sourceTree = "<group>"; };
		635333B72C925219002621DB /* House.swift */ = {isa = PBXFileReference; lastKnownFileType = sourcecode.swift; path = House.swift; sourceTree = "<group>"; };
		635333B92C925303002621DB /* GOTCharacter.swift */ = {isa = PBXFileReference; lastKnownFileType = sourcecode.swift; path = GOTCharacter.swift; sourceTree = "<group>"; };
		635333C02C9257D7002621DB /* FirstViewController.swift */ = {isa = PBXFileReference; lastKnownFileType = sourcecode.swift; path = FirstViewController.swift; sourceTree = "<group>"; };
		635333C12C9257D7002621DB /* FirstViewController.xib */ = {isa = PBXFileReference; lastKnownFileType = file.xib; path = FirstViewController.xib; sourceTree = "<group>"; };
		635333C42C935AA6002621DB /* HouseListViewController.swift */ = {isa = PBXFileReference; lastKnownFileType = sourcecode.swift; path = HouseListViewController.swift; sourceTree = "<group>"; };
		635333C52C935AA6002621DB /* HouseListViewController.xib */ = {isa = PBXFileReference; lastKnownFileType = file.xib; path = HouseListViewController.xib; sourceTree = "<group>"; };
		635333C82C935DA7002621DB /* HouseTableViewCell.swift */ = {isa = PBXFileReference; lastKnownFileType = sourcecode.swift; path = HouseTableViewCell.swift; sourceTree = "<group>"; };
		635333C92C935DA7002621DB /* HouseTableViewCell.xib */ = {isa = PBXFileReference; lastKnownFileType = file.xib; path = HouseTableViewCell.xib; sourceTree = "<group>"; };
		635333CD2C9363D2002621DB /* UIImageView+Remote.swift */ = {isa = PBXFileReference; lastKnownFileType = sourcecode.swift; path = "UIImageView+Remote.swift"; sourceTree = "<group>"; };
		635333CF2C93DAE8002621DB /* FavouriteHouseListViewController.swift */ = {isa = PBXFileReference; lastKnownFileType = sourcecode.swift; path = FavouriteHouseListViewController.swift; sourceTree = "<group>"; };
		635333D02C93DAE8002621DB /* FavouriteHouseListViewController.xib */ = {isa = PBXFileReference; lastKnownFileType = file.xib; path = FavouriteHouseListViewController.xib; sourceTree = "<group>"; };
		635333D32C93DF02002621DB /* FavouriteHouseCollectionViewCell.swift */ = {isa = PBXFileReference; lastKnownFileType = sourcecode.swift; path = FavouriteHouseCollectionViewCell.swift; sourceTree = "<group>"; };
		635333D42C93DF02002621DB /* FavouriteHouseCollectionViewCell.xib */ = {isa = PBXFileReference; lastKnownFileType = file.xib; path = FavouriteHouseCollectionViewCell.xib; sourceTree = "<group>"; };
/* End PBXFileReference section */

/* Begin PBXFrameworksBuildPhase section */
		6353339B2C924C81002621DB /* Frameworks */ = {
			isa = PBXFrameworksBuildPhase;
			buildActionMask = 2147483647;
			files = (
			);
			runOnlyForDeploymentPostprocessing = 0;
		};
/* End PBXFrameworksBuildPhase section */

/* Begin PBXGroup section */
		635333952C924C81002621DB = {
			isa = PBXGroup;
			children = (
				635333A02C924C81002621DB /* Westeros */,
				6353339F2C924C81002621DB /* Products */,
			);
			sourceTree = "<group>";
		};
		6353339F2C924C81002621DB /* Products */ = {
			isa = PBXGroup;
			children = (
				6353339E2C924C81002621DB /* Westeros.app */,
			);
			name = Products;
			sourceTree = "<group>";
		};
		635333A02C924C81002621DB /* Westeros */ = {
			isa = PBXGroup;
			children = (
				635333CC2C936386002621DB /* Extensions */,
				635333BB2C9254BB002621DB /* Presentation */,
				635333A12C924C81002621DB /* AppDelegate.swift */,
				635333A32C924C81002621DB /* SceneDelegate.swift */,
				635333AA2C924C82002621DB /* Assets.xcassets */,
				635333AC2C924C82002621DB /* LaunchScreen.storyboard */,
				635333AF2C924C82002621DB /* Info.plist */,
			);
			path = Westeros;
			sourceTree = "<group>";
		};
		635333B52C9251EF002621DB /* Models */ = {
			isa = PBXGroup;
			children = (
				635333B72C925219002621DB /* House.swift */,
				635333B92C925303002621DB /* GOTCharacter.swift */,
			);
			path = Models;
			sourceTree = "<group>";
		};
		635333BB2C9254BB002621DB /* Presentation */ = {
			isa = PBXGroup;
			children = (
				635333B52C9251EF002621DB /* Models */,
				635333BC2C9254E8002621DB /* View */,
				635333BD2C92555C002621DB /* Controller */,
			);
			path = Presentation;
			sourceTree = "<group>";
		};
		635333BC2C9254E8002621DB /* View */ = {
			isa = PBXGroup;
			children = (
				635333C12C9257D7002621DB /* FirstViewController.xib */,
				635333C52C935AA6002621DB /* HouseListViewController.xib */,
				635333C82C935DA7002621DB /* HouseTableViewCell.swift */,
				635333C92C935DA7002621DB /* HouseTableViewCell.xib */,
				635333D02C93DAE8002621DB /* FavouriteHouseListViewController.xib */,
				635333D32C93DF02002621DB /* FavouriteHouseCollectionViewCell.swift */,
				635333D42C93DF02002621DB /* FavouriteHouseCollectionViewCell.xib */,
			);
			path = View;
			sourceTree = "<group>";
		};
		635333BD2C92555C002621DB /* Controller */ = {
			isa = PBXGroup;
			children = (
				635333C02C9257D7002621DB /* FirstViewController.swift */,
				635333C42C935AA6002621DB /* HouseListViewController.swift */,
				635333CF2C93DAE8002621DB /* FavouriteHouseListViewController.swift */,
			);
			path = Controller;
			sourceTree = "<group>";
		};
		635333CC2C936386002621DB /* Extensions */ = {
			isa = PBXGroup;
			children = (
				635333CD2C9363D2002621DB /* UIImageView+Remote.swift */,
			);
			path = Extensions;
			sourceTree = "<group>";
		};
/* End PBXGroup section */

/* Begin PBXNativeTarget section */
		6353339D2C924C81002621DB /* Westeros */ = {
			isa = PBXNativeTarget;
			buildConfigurationList = 635333B22C924C82002621DB /* Build configuration list for PBXNativeTarget "Westeros" */;
			buildPhases = (
				6353339A2C924C81002621DB /* Sources */,
				6353339B2C924C81002621DB /* Frameworks */,
				6353339C2C924C81002621DB /* Resources */,
			);
			buildRules = (
			);
			dependencies = (
			);
			name = Westeros;
			productName = Westeros;
			productReference = 6353339E2C924C81002621DB /* Westeros.app */;
			productType = "com.apple.product-type.application";
		};
/* End PBXNativeTarget section */

/* Begin PBXProject section */
		635333962C924C81002621DB /* Project object */ = {
			isa = PBXProject;
			attributes = {
				BuildIndependentTargetsInParallel = 1;
				LastSwiftUpdateCheck = 1540;
				LastUpgradeCheck = 1540;
				TargetAttributes = {
					6353339D2C924C81002621DB = {
						CreatedOnToolsVersion = 15.4;
					};
				};
			};
			buildConfigurationList = 635333992C924C81002621DB /* Build configuration list for PBXProject "Westeros" */;
			compatibilityVersion = "Xcode 14.0";
			developmentRegion = en;
			hasScannedForEncodings = 0;
			knownRegions = (
				en,
				Base,
			);
			mainGroup = 635333952C924C81002621DB;
			productRefGroup = 6353339F2C924C81002621DB /* Products */;
			projectDirPath = "";
			projectRoot = "";
			targets = (
				6353339D2C924C81002621DB /* Westeros */,
			);
		};
/* End PBXProject section */

/* Begin PBXResourcesBuildPhase section */
		6353339C2C924C81002621DB /* Resources */ = {
			isa = PBXResourcesBuildPhase;
			buildActionMask = 2147483647;
			files = (
				635333AB2C924C82002621DB /* Assets.xcassets in Resources */,
				635333CB2C935DA7002621DB /* HouseTableViewCell.xib in Resources */,
				635333AE2C924C82002621DB /* Base in Resources */,
				635333D22C93DAE8002621DB /* FavouriteHouseListViewController.xib in Resources */,
				635333C32C9257D7002621DB /* FirstViewController.xib in Resources */,
				635333C72C935AA6002621DB /* HouseListViewController.xib in Resources */,
				635333D62C93DF02002621DB /* FavouriteHouseCollectionViewCell.xib in Resources */,
			);
			runOnlyForDeploymentPostprocessing = 0;
		};
/* End PBXResourcesBuildPhase section */

/* Begin PBXSourcesBuildPhase section */
		6353339A2C924C81002621DB /* Sources */ = {
			isa = PBXSourcesBuildPhase;
			buildActionMask = 2147483647;
			files = (
				635333D12C93DAE8002621DB /* FavouriteHouseListViewController.swift in Sources */,
				635333D52C93DF02002621DB /* FavouriteHouseCollectionViewCell.swift in Sources */,
				635333A22C924C81002621DB /* AppDelegate.swift in Sources */,
				635333B82C925219002621DB /* House.swift in Sources */,
				635333C22C9257D7002621DB /* FirstViewController.swift in Sources */,
				635333A42C924C81002621DB /* SceneDelegate.swift in Sources */,
				635333BA2C925303002621DB /* GOTCharacter.swift in Sources */,
				635333CA2C935DA7002621DB /* HouseTableViewCell.swift in Sources */,
				635333CE2C9363D2002621DB /* UIImageView+Remote.swift in Sources */,
				635333C62C935AA6002621DB /* HouseListViewController.swift in Sources */,
			);
			runOnlyForDeploymentPostprocessing = 0;
		};
/* End PBXSourcesBuildPhase section */

/* Begin PBXVariantGroup section */
		635333AC2C924C82002621DB /* LaunchScreen.storyboard */ = {
			isa = PBXVariantGroup;
			children = (
				635333AD2C924C82002621DB /* Base */,
			);
			name = LaunchScreen.storyboard;
			sourceTree = "<group>";
		};
/* End PBXVariantGroup section */

/* Begin XCBuildConfiguration section */
		635333B02C924C82002621DB /* Debug */ = {
			isa = XCBuildConfiguration;
			buildSettings = {
				ALWAYS_SEARCH_USER_PATHS = NO;
				ASSETCATALOG_COMPILER_GENERATE_SWIFT_ASSET_SYMBOL_EXTENSIONS = YES;
				CLANG_ANALYZER_NONNULL = YES;
				CLANG_ANALYZER_NUMBER_OBJECT_CONVERSION = YES_AGGRESSIVE;
				CLANG_CXX_LANGUAGE_STANDARD = "gnu++20";
				CLANG_ENABLE_MODULES = YES;
				CLANG_ENABLE_OBJC_ARC = YES;
				CLANG_ENABLE_OBJC_WEAK = YES;
				CLANG_WARN_BLOCK_CAPTURE_AUTORELEASING = YES;
				CLANG_WARN_BOOL_CONVERSION = YES;
				CLANG_WARN_COMMA = YES;
				CLANG_WARN_CONSTANT_CONVERSION = YES;
				CLANG_WARN_DEPRECATED_OBJC_IMPLEMENTATIONS = YES;
				CLANG_WARN_DIRECT_OBJC_ISA_USAGE = YES_ERROR;
				CLANG_WARN_DOCUMENTATION_COMMENTS = YES;
				CLANG_WARN_EMPTY_BODY = YES;
				CLANG_WARN_ENUM_CONVERSION = YES;
				CLANG_WARN_INFINITE_RECURSION = YES;
				CLANG_WARN_INT_CONVERSION = YES;
				CLANG_WARN_NON_LITERAL_NULL_CONVERSION = YES;
				CLANG_WARN_OBJC_IMPLICIT_RETAIN_SELF = YES;
				CLANG_WARN_OBJC_LITERAL_CONVERSION = YES;
				CLANG_WARN_OBJC_ROOT_CLASS = YES_ERROR;
				CLANG_WARN_QUOTED_INCLUDE_IN_FRAMEWORK_HEADER = YES;
				CLANG_WARN_RANGE_LOOP_ANALYSIS = YES;
				CLANG_WARN_STRICT_PROTOTYPES = YES;
				CLANG_WARN_SUSPICIOUS_MOVE = YES;
				CLANG_WARN_UNGUARDED_AVAILABILITY = YES_AGGRESSIVE;
				CLANG_WARN_UNREACHABLE_CODE = YES;
				CLANG_WARN__DUPLICATE_METHOD_MATCH = YES;
				COPY_PHASE_STRIP = NO;
				DEBUG_INFORMATION_FORMAT = dwarf;
				ENABLE_STRICT_OBJC_MSGSEND = YES;
				ENABLE_TESTABILITY = YES;
				ENABLE_USER_SCRIPT_SANDBOXING = YES;
				GCC_C_LANGUAGE_STANDARD = gnu17;
				GCC_DYNAMIC_NO_PIC = NO;
				GCC_NO_COMMON_BLOCKS = YES;
				GCC_OPTIMIZATION_LEVEL = 0;
				GCC_PREPROCESSOR_DEFINITIONS = (
					"DEBUG=1",
					"$(inherited)",
				);
				GCC_WARN_64_TO_32_BIT_CONVERSION = YES;
				GCC_WARN_ABOUT_RETURN_TYPE = YES_ERROR;
				GCC_WARN_UNDECLARED_SELECTOR = YES;
				GCC_WARN_UNINITIALIZED_AUTOS = YES_AGGRESSIVE;
				GCC_WARN_UNUSED_FUNCTION = YES;
				GCC_WARN_UNUSED_VARIABLE = YES;
				IPHONEOS_DEPLOYMENT_TARGET = 17.5;
				LOCALIZATION_PREFERS_STRING_CATALOGS = YES;
				MTL_ENABLE_DEBUG_INFO = INCLUDE_SOURCE;
				MTL_FAST_MATH = YES;
				ONLY_ACTIVE_ARCH = YES;
				SDKROOT = iphoneos;
				SWIFT_ACTIVE_COMPILATION_CONDITIONS = "DEBUG $(inherited)";
				SWIFT_OPTIMIZATION_LEVEL = "-Onone";
			};
			name = Debug;
		};
		635333B12C924C82002621DB /* Release */ = {
			isa = XCBuildConfiguration;
			buildSettings = {
				ALWAYS_SEARCH_USER_PATHS = NO;
				ASSETCATALOG_COMPILER_GENERATE_SWIFT_ASSET_SYMBOL_EXTENSIONS = YES;
				CLANG_ANALYZER_NONNULL = YES;
				CLANG_ANALYZER_NUMBER_OBJECT_CONVERSION = YES_AGGRESSIVE;
				CLANG_CXX_LANGUAGE_STANDARD = "gnu++20";
				CLANG_ENABLE_MODULES = YES;
				CLANG_ENABLE_OBJC_ARC = YES;
				CLANG_ENABLE_OBJC_WEAK = YES;
				CLANG_WARN_BLOCK_CAPTURE_AUTORELEASING = YES;
				CLANG_WARN_BOOL_CONVERSION = YES;
				CLANG_WARN_COMMA = YES;
				CLANG_WARN_CONSTANT_CONVERSION = YES;
				CLANG_WARN_DEPRECATED_OBJC_IMPLEMENTATIONS = YES;
				CLANG_WARN_DIRECT_OBJC_ISA_USAGE = YES_ERROR;
				CLANG_WARN_DOCUMENTATION_COMMENTS = YES;
				CLANG_WARN_EMPTY_BODY = YES;
				CLANG_WARN_ENUM_CONVERSION = YES;
				CLANG_WARN_INFINITE_RECURSION = YES;
				CLANG_WARN_INT_CONVERSION = YES;
				CLANG_WARN_NON_LITERAL_NULL_CONVERSION = YES;
				CLANG_WARN_OBJC_IMPLICIT_RETAIN_SELF = YES;
				CLANG_WARN_OBJC_LITERAL_CONVERSION = YES;
				CLANG_WARN_OBJC_ROOT_CLASS = YES_ERROR;
				CLANG_WARN_QUOTED_INCLUDE_IN_FRAMEWORK_HEADER = YES;
				CLANG_WARN_RANGE_LOOP_ANALYSIS = YES;
				CLANG_WARN_STRICT_PROTOTYPES = YES;
				CLANG_WARN_SUSPICIOUS_MOVE = YES;
				CLANG_WARN_UNGUARDED_AVAILABILITY = YES_AGGRESSIVE;
				CLANG_WARN_UNREACHABLE_CODE = YES;
				CLANG_WARN__DUPLICATE_METHOD_MATCH = YES;
				COPY_PHASE_STRIP = NO;
				DEBUG_INFORMATION_FORMAT = "dwarf-with-dsym";
				ENABLE_NS_ASSERTIONS = NO;
				ENABLE_STRICT_OBJC_MSGSEND = YES;
				ENABLE_USER_SCRIPT_SANDBOXING = YES;
				GCC_C_LANGUAGE_STANDARD = gnu17;
				GCC_NO_COMMON_BLOCKS = YES;
				GCC_WARN_64_TO_32_BIT_CONVERSION = YES;
				GCC_WARN_ABOUT_RETURN_TYPE = YES_ERROR;
				GCC_WARN_UNDECLARED_SELECTOR = YES;
				GCC_WARN_UNINITIALIZED_AUTOS = YES_AGGRESSIVE;
				GCC_WARN_UNUSED_FUNCTION = YES;
				GCC_WARN_UNUSED_VARIABLE = YES;
				IPHONEOS_DEPLOYMENT_TARGET = 17.5;
				LOCALIZATION_PREFERS_STRING_CATALOGS = YES;
				MTL_ENABLE_DEBUG_INFO = NO;
				MTL_FAST_MATH = YES;
				SDKROOT = iphoneos;
				SWIFT_COMPILATION_MODE = wholemodule;
				VALIDATE_PRODUCT = YES;
			};
			name = Release;
		};
		635333B32C924C82002621DB /* Debug */ = {
			isa = XCBuildConfiguration;
			buildSettings = {
				ASSETCATALOG_COMPILER_APPICON_NAME = AppIcon;
				ASSETCATALOG_COMPILER_GLOBAL_ACCENT_COLOR_NAME = AccentColor;
				CODE_SIGN_STYLE = Automatic;
				CURRENT_PROJECT_VERSION = 1;
				GENERATE_INFOPLIST_FILE = YES;
				INFOPLIST_FILE = Westeros/Info.plist;
				INFOPLIST_KEY_UIApplicationSupportsIndirectInputEvents = YES;
				INFOPLIST_KEY_UILaunchStoryboardName = LaunchScreen;
				INFOPLIST_KEY_UISupportedInterfaceOrientations_iPad = "UIInterfaceOrientationPortrait UIInterfaceOrientationPortraitUpsideDown UIInterfaceOrientationLandscapeLeft UIInterfaceOrientationLandscapeRight";
				INFOPLIST_KEY_UISupportedInterfaceOrientations_iPhone = "UIInterfaceOrientationPortrait UIInterfaceOrientationLandscapeLeft UIInterfaceOrientationLandscapeRight";
				LD_RUNPATH_SEARCH_PATHS = (
					"$(inherited)",
					"@executable_path/Frameworks",
				);
				MARKETING_VERSION = 1.0;
				PRODUCT_BUNDLE_IDENTIFIER = com.kary.Westeros;
				PRODUCT_NAME = "$(TARGET_NAME)";
				SWIFT_EMIT_LOC_STRINGS = YES;
				SWIFT_VERSION = 5.0;
				TARGETED_DEVICE_FAMILY = "1,2";
			};
			name = Debug;
		};
		635333B42C924C82002621DB /* Release */ = {
			isa = XCBuildConfiguration;
			buildSettings = {
				ASSETCATALOG_COMPILER_APPICON_NAME = AppIcon;
				ASSETCATALOG_COMPILER_GLOBAL_ACCENT_COLOR_NAME = AccentColor;
				CODE_SIGN_STYLE = Automatic;
				CURRENT_PROJECT_VERSION = 1;
				GENERATE_INFOPLIST_FILE = YES;
				INFOPLIST_FILE = Westeros/Info.plist;
				INFOPLIST_KEY_UIApplicationSupportsIndirectInputEvents = YES;
				INFOPLIST_KEY_UILaunchStoryboardName = LaunchScreen;
				INFOPLIST_KEY_UISupportedInterfaceOrientations_iPad = "UIInterfaceOrientationPortrait UIInterfaceOrientationPortraitUpsideDown UIInterfaceOrientationLandscapeLeft UIInterfaceOrientationLandscapeRight";
				INFOPLIST_KEY_UISupportedInterfaceOrientations_iPhone = "UIInterfaceOrientationPortrait UIInterfaceOrientationLandscapeLeft UIInterfaceOrientationLandscapeRight";
				LD_RUNPATH_SEARCH_PATHS = (
					"$(inherited)",
					"@executable_path/Frameworks",
				);
				MARKETING_VERSION = 1.0;
				PRODUCT_BUNDLE_IDENTIFIER = com.kary.Westeros;
				PRODUCT_NAME = "$(TARGET_NAME)";
				SWIFT_EMIT_LOC_STRINGS = YES;
				SWIFT_VERSION = 5.0;
				TARGETED_DEVICE_FAMILY = "1,2";
			};
			name = Release;
		};
/* End XCBuildConfiguration section */

/* Begin XCConfigurationList section */
		635333992C924C81002621DB /* Build configuration list for PBXProject "Westeros" */ = {
			isa = XCConfigurationList;
			buildConfigurations = (
				635333B02C924C82002621DB /* Debug */,
				635333B12C924C82002621DB /* Release */,
			);
			defaultConfigurationIsVisible = 0;
			defaultConfigurationName = Release;
		};
		635333B22C924C82002621DB /* Build configuration list for PBXNativeTarget "Westeros" */ = {
			isa = XCConfigurationList;
			buildConfigurations = (
				635333B32C924C82002621DB /* Debug */,
				635333B42C924C82002621DB /* Release */,
			);
			defaultConfigurationIsVisible = 0;
			defaultConfigurationName = Release;
		};
/* End XCConfigurationList section */
	};
	rootObject = 635333962C924C81002621DB /* Project object */;
}
